
Microsoft Visual Studio Solution File, Format Version 12.00
# Visual Studio Version 17
VisualStudioVersion = 17.3.32825.248
MinimumVisualStudioVersion = 10.0.40219.1
Project("{2150E333-8FDC-42A3-9474-1A3956D46DE8}") = "Web", "Web", "{1AE456AE-3282-47A9-8CD2-3D21798299F1}"
EndProject
Project("{2150E333-8FDC-42A3-9474-1A3956D46DE8}") = "StudentSystem.Web", "StudentSystem.Web", "{C1034BCF-8D7B-4F38-935B-042430C31D57}"
EndProject
Project("{9A19103F-16F7-4668-BE54-9A1E7A4F7556}") = "StudentSystem.Web", "Web\StudentSystem.Web\StudentSystem.Web.csproj", "{9C0BABC4-32FC-4D78-9EFF-33F21751D3F2}"
EndProject
Project("{2150E333-8FDC-42A3-9474-1A3956D46DE8}") = "Data", "Data", "{C99D5E73-F6EC-405D-A9E9-34F4F76AFFAA}"
EndProject
Project("{9A19103F-16F7-4668-BE54-9A1E7A4F7556}") = "StudentSystem.Data", "Data\StudentSystem.Data\StudentSystem.Data.csproj", "{4A95E804-D4E6-4669-8115-1620343D97C2}"
EndProject
Project("{9A19103F-16F7-4668-BE54-9A1E7A4F7556}") = "StudentSystem.Data.Models", "Data\StudentSystem.Data.Models\StudentSystem.Data.Models.csproj", "{51CE3977-F7D7-4AF5-8F38-58E54F43C33E}"
EndProject
Project("{9A19103F-16F7-4668-BE54-9A1E7A4F7556}") = "StudentSystem.Data.Common", "Data\StudentSystem.Data.Common\StudentSystem.Data.Common.csproj", "{1CB674A7-AE75-43E8-A287-B0893DB6B46F}"
EndProject
Project("{2150E333-8FDC-42A3-9474-1A3956D46DE8}") = "Services", "Services", "{F600AA8D-6916-457A-B64E-6D82BDBDBF1A}"
EndProject
Project("{9A19103F-16F7-4668-BE54-9A1E7A4F7556}") = "StudentSystem.Services", "Services\StudentSystem.Services\StudentSystem.Services.csproj", "{620A3958-FC62-4328-8BB5-83E365644159}"
EndProject
Project("{2150E333-8FDC-42A3-9474-1A3956D46DE8}") = "StudentSystem.Web.ViewModels", "StudentSystem.Web.ViewModels", "{6A78885B-FB23-4344-82B5-381F2E0B8C05}"
EndProject
Project("{9A19103F-16F7-4668-BE54-9A1E7A4F7556}") = "StudentSystem.ViewModels", "Web\StudentSystem.Web.ViewModels\StudentSystem.ViewModels\StudentSystem.ViewModels.csproj", "{FA7B43CF-051C-463F-B7CF-352616955A90}"
EndProject
Project("{2150E333-8FDC-42A3-9474-1A3956D46DE8}") = "StudentSystem.Web.Common", "StudentSystem.Web.Common", "{D24011F9-0A01-4A4D-AD91-00C67BEC5E0D}"
EndProject
Project("{9A19103F-16F7-4668-BE54-9A1E7A4F7556}") = "StudentSystem.Web.Common", "Web\StudentSystem.Web.Common\StudentSystem.Web.Common.csproj", "{E37F58B1-F586-482A-86C6-2524239337CF}"
EndProject
Project("{2150E333-8FDC-42A3-9474-1A3956D46DE8}") = "StudentSystem.Web.Infrastructure", "StudentSystem.Web.Infrastructure", "{975F3557-05C2-44DC-9FBC-64A36AACBB1B}"
EndProject
Project("{9A19103F-16F7-4668-BE54-9A1E7A4F7556}") = "StudentSystem.Web.Infrastructure", "Web\StudentSystem.Web.Infrastructure\StudentSystem.Web.Infrastructure\StudentSystem.Web.Infrastructure.csproj", "{6F55B6EC-915D-42C5-8DCA-320545A2592F}"
EndProject
Project("{9A19103F-16F7-4668-BE54-9A1E7A4F7556}") = "StudentSystem.Data.Seed", "Data\StudentSystem.Data.Seed\StudentSystem.Data.Seed.csproj", "{D6F89066-E203-4F6B-9B91-DA7AC6B70B4C}"
EndProject
Project("{2150E333-8FDC-42A3-9474-1A3956D46DE8}") = "Tests", "Tests", "{B9850CF9-3CA8-47C4-BBF5-12A4D74BC172}"
EndProject
Project("{FAE04EC0-301F-11D3-BF4B-00C04F79EFBC}") = "StudentSystem.Tests", "Tests\StudentSystem.Tests\StudentSystem.Tests.csproj", "{DD0768A3-C04D-4D60-9126-140DA53C08CF}"
EndProject
Global
	GlobalSection(SolutionConfigurationPlatforms) = preSolution
		Debug|Any CPU = Debug|Any CPU
		Release|Any CPU = Release|Any CPU
	EndGlobalSection
	GlobalSection(ProjectConfigurationPlatforms) = postSolution
		{9C0BABC4-32FC-4D78-9EFF-33F21751D3F2}.Debug|Any CPU.ActiveCfg = Debug|Any CPU
		{9C0BABC4-32FC-4D78-9EFF-33F21751D3F2}.Debug|Any CPU.Build.0 = Debug|Any CPU
		{9C0BABC4-32FC-4D78-9EFF-33F21751D3F2}.Release|Any CPU.ActiveCfg = Release|Any CPU
		{9C0BABC4-32FC-4D78-9EFF-33F21751D3F2}.Release|Any CPU.Build.0 = Release|Any CPU
		{4A95E804-D4E6-4669-8115-1620343D97C2}.Debug|Any CPU.ActiveCfg = Debug|Any CPU
		{4A95E804-D4E6-4669-8115-1620343D97C2}.Debug|Any CPU.Build.0 = Debug|Any CPU
		{4A95E804-D4E6-4669-8115-1620343D97C2}.Release|Any CPU.ActiveCfg = Release|Any CPU
		{4A95E804-D4E6-4669-8115-1620343D97C2}.Release|Any CPU.Build.0 = Release|Any CPU
		{51CE3977-F7D7-4AF5-8F38-58E54F43C33E}.Debug|Any CPU.ActiveCfg = Debug|Any CPU
		{51CE3977-F7D7-4AF5-8F38-58E54F43C33E}.Debug|Any CPU.Build.0 = Debug|Any CPU
		{51CE3977-F7D7-4AF5-8F38-58E54F43C33E}.Release|Any CPU.ActiveCfg = Release|Any CPU
		{51CE3977-F7D7-4AF5-8F38-58E54F43C33E}.Release|Any CPU.Build.0 = Release|Any CPU
		{1CB674A7-AE75-43E8-A287-B0893DB6B46F}.Debug|Any CPU.ActiveCfg = Debug|Any CPU
		{1CB674A7-AE75-43E8-A287-B0893DB6B46F}.Debug|Any CPU.Build.0 = Debug|Any CPU
		{1CB674A7-AE75-43E8-A287-B0893DB6B46F}.Release|Any CPU.ActiveCfg = Release|Any CPU
		{1CB674A7-AE75-43E8-A287-B0893DB6B46F}.Release|Any CPU.Build.0 = Release|Any CPU
		{620A3958-FC62-4328-8BB5-83E365644159}.Debug|Any CPU.ActiveCfg = Debug|Any CPU
		{620A3958-FC62-4328-8BB5-83E365644159}.Debug|Any CPU.Build.0 = Debug|Any CPU
		{620A3958-FC62-4328-8BB5-83E365644159}.Release|Any CPU.ActiveCfg = Release|Any CPU
		{620A3958-FC62-4328-8BB5-83E365644159}.Release|Any CPU.Build.0 = Release|Any CPU
		{FA7B43CF-051C-463F-B7CF-352616955A90}.Debug|Any CPU.ActiveCfg = Debug|Any CPU
		{FA7B43CF-051C-463F-B7CF-352616955A90}.Debug|Any CPU.Build.0 = Debug|Any CPU
		{FA7B43CF-051C-463F-B7CF-352616955A90}.Release|Any CPU.ActiveCfg = Release|Any CPU
		{FA7B43CF-051C-463F-B7CF-352616955A90}.Release|Any CPU.Build.0 = Release|Any CPU
		{E37F58B1-F586-482A-86C6-2524239337CF}.Debug|Any CPU.ActiveCfg = Debug|Any CPU
		{E37F58B1-F586-482A-86C6-2524239337CF}.Debug|Any CPU.Build.0 = Debug|Any CPU
		{E37F58B1-F586-482A-86C6-2524239337CF}.Release|Any CPU.ActiveCfg = Release|Any CPU
		{E37F58B1-F586-482A-86C6-2524239337CF}.Release|Any CPU.Build.0 = Release|Any CPU
		{6F55B6EC-915D-42C5-8DCA-320545A2592F}.Debug|Any CPU.ActiveCfg = Debug|Any CPU
		{6F55B6EC-915D-42C5-8DCA-320545A2592F}.Debug|Any CPU.Build.0 = Debug|Any CPU
		{6F55B6EC-915D-42C5-8DCA-320545A2592F}.Release|Any CPU.ActiveCfg = Release|Any CPU
		{6F55B6EC-915D-42C5-8DCA-320545A2592F}.Release|Any CPU.Build.0 = Release|Any CPU
		{D6F89066-E203-4F6B-9B91-DA7AC6B70B4C}.Debug|Any CPU.ActiveCfg = Debug|Any CPU
		{D6F89066-E203-4F6B-9B91-DA7AC6B70B4C}.Debug|Any CPU.Build.0 = Debug|Any CPU
		{D6F89066-E203-4F6B-9B91-DA7AC6B70B4C}.Release|Any CPU.ActiveCfg = Release|Any CPU
		{D6F89066-E203-4F6B-9B91-DA7AC6B70B4C}.Release|Any CPU.Build.0 = Release|Any CPU
		{DD0768A3-C04D-4D60-9126-140DA53C08CF}.Debug|Any CPU.ActiveCfg = Debug|Any CPU
		{DD0768A3-C04D-4D60-9126-140DA53C08CF}.Debug|Any CPU.Build.0 = Debug|Any CPU
		{DD0768A3-C04D-4D60-9126-140DA53C08CF}.Release|Any CPU.ActiveCfg = Release|Any CPU
		{DD0768A3-C04D-4D60-9126-140DA53C08CF}.Release|Any CPU.Build.0 = Release|Any CPU
	EndGlobalSection
	GlobalSection(SolutionProperties) = preSolution
		HideSolutionNode = FALSE
	EndGlobalSection
	GlobalSection(NestedProjects) = preSolution
		{C1034BCF-8D7B-4F38-935B-042430C31D57} = {1AE456AE-3282-47A9-8CD2-3D21798299F1}
		{9C0BABC4-32FC-4D78-9EFF-33F21751D3F2} = {C1034BCF-8D7B-4F38-935B-042430C31D57}
		{4A95E804-D4E6-4669-8115-1620343D97C2} = {C99D5E73-F6EC-405D-A9E9-34F4F76AFFAA}
		{51CE3977-F7D7-4AF5-8F38-58E54F43C33E} = {C99D5E73-F6EC-405D-A9E9-34F4F76AFFAA}
		{1CB674A7-AE75-43E8-A287-B0893DB6B46F} = {C99D5E73-F6EC-405D-A9E9-34F4F76AFFAA}
		{620A3958-FC62-4328-8BB5-83E365644159} = {F600AA8D-6916-457A-B64E-6D82BDBDBF1A}
		{6A78885B-FB23-4344-82B5-381F2E0B8C05} = {1AE456AE-3282-47A9-8CD2-3D21798299F1}
		{FA7B43CF-051C-463F-B7CF-352616955A90} = {6A78885B-FB23-4344-82B5-381F2E0B8C05}
		{D24011F9-0A01-4A4D-AD91-00C67BEC5E0D} = {1AE456AE-3282-47A9-8CD2-3D21798299F1}
		{E37F58B1-F586-482A-86C6-2524239337CF} = {D24011F9-0A01-4A4D-AD91-00C67BEC5E0D}
		{975F3557-05C2-44DC-9FBC-64A36AACBB1B} = {1AE456AE-3282-47A9-8CD2-3D21798299F1}
		{6F55B6EC-915D-42C5-8DCA-320545A2592F} = {975F3557-05C2-44DC-9FBC-64A36AACBB1B}
		{D6F89066-E203-4F6B-9B91-DA7AC6B70B4C} = {C99D5E73-F6EC-405D-A9E9-34F4F76AFFAA}
		{DD0768A3-C04D-4D60-9126-140DA53C08CF} = {B9850CF9-3CA8-47C4-BBF5-12A4D74BC172}
	EndGlobalSection
	GlobalSection(ExtensibilityGlobals) = postSolution
		SolutionGuid = {7AB81343-52AE-41A2-85BE-FC278FBCC637}
	EndGlobalSection
EndGlobal
